{
    "_meta": {
        "hash": {
            "sha256": "01ad30e6c851222d74c2fa799bdfee5d2d0a014cb3f84fc2e4757382b1795898"
        },
        "pipfile-spec": 6,
        "requires": {
            "python_full_version": "3.8.13"
        },
        "sources": [
            {
                "name": "pypi",
                "url": "https://pypi.org/simple",
                "verify_ssl": true
            }
        ]
    },
    "default": {},
    "develop": {}
}
